
Microsoft Visual Studio Solution File, Format Version 12.00
# Visual Studio 15
Project("{FAE04EC0-301F-11D3-BF4B-00C04F79EFBC}") = "Assembly-CSharp", "Assembly-CSharp.csproj", "{C9180E68-A5A9-0561-1B1F-2DD024B5E2F4}"
EndProject
Project("{FAE04EC0-301F-11D3-BF4B-00C04F79EFBC}") = "Assembly-CSharp-firstpass", "Assembly-CSharp-firstpass.csproj", "{928F81FA-B5A4-730D-D342-831B1C0D01A9}"
EndProject
Project("{FAE04EC0-301F-11D3-BF4B-00C04F79EFBC}") = "Assembly-CSharp-Editor-firstpass", "Assembly-CSharp-Editor-firstpass.csproj", "{3A8C1DD7-A706-2539-A78A-7C0BD110FC5E}"
EndProject
Global
	GlobalSection(SolutionConfigurationPlatforms) = preSolution
		Debug|Any CPU = Debug|Any CPU
		Release|Any CPU = Release|Any CPU
	EndGlobalSection
	GlobalSection(ProjectConfigurationPlatforms) = postSolution
		{C9180E68-A5A9-0561-1B1F-2DD024B5E2F4}.Debug|Any CPU.ActiveCfg = Debug|Any CPU
		{C9180E68-A5A9-0561-1B1F-2DD024B5E2F4}.Debug|Any CPU.Build.0 = Debug|Any CPU
		{C9180E68-A5A9-0561-1B1F-2DD024B5E2F4}.Release|Any CPU.ActiveCfg = Release|Any CPU
		{C9180E68-A5A9-0561-1B1F-2DD024B5E2F4}.Release|Any CPU.Build.0 = Release|Any CPU
		{928F81FA-B5A4-730D-D342-831B1C0D01A9}.Debug|Any CPU.ActiveCfg = Debug|Any CPU
		{928F81FA-B5A4-730D-D342-831B1C0D01A9}.Debug|Any CPU.Build.0 = Debug|Any CPU
		{928F81FA-B5A4-730D-D342-831B1C0D01A9}.Release|Any CPU.ActiveCfg = Release|Any CPU
		{928F81FA-B5A4-730D-D342-831B1C0D01A9}.Release|Any CPU.Build.0 = Release|Any CPU
		{3A8C1DD7-A706-2539-A78A-7C0BD110FC5E}.Debug|Any CPU.ActiveCfg = Debug|Any CPU
		{3A8C1DD7-A706-2539-A78A-7C0BD110FC5E}.Debug|Any CPU.Build.0 = Debug|Any CPU
		{3A8C1DD7-A706-2539-A78A-7C0BD110FC5E}.Release|Any CPU.ActiveCfg = Release|Any CPU
		{3A8C1DD7-A706-2539-A78A-7C0BD110FC5E}.Release|Any CPU.Build.0 = Release|Any CPU
	EndGlobalSection
	GlobalSection(SolutionProperties) = preSolution
		HideSolutionNode = FALSE
	EndGlobalSection
EndGlobal
